
Microsoft Visual Studio Solution File, Format Version 12.00
# Visual Studio Version 17
VisualStudioVersion = 17.14.36511.14 d17.14
MinimumVisualStudioVersion = 10.0.40219.1
Project("{FAE04EC0-301F-11D3-BF4B-00C04F79EFBC}") = "WPF_APP", "WPF_APP\WPF_APP.csproj", "{8814BA26-7F67-4F39-8CAE-0783F15FC479}"
EndProject
Global
	GlobalSection(SolutionConfigurationPlatforms) = preSolution
		Debug|Any CPU = Debug|Any CPU
		Release|Any CPU = Release|Any CPU
	EndGlobalSection
	GlobalSection(ProjectConfigurationPlatforms) = postSolution
		{8814BA26-7F67-4F39-8CAE-0783F15FC479}.Debug|Any CPU.ActiveCfg = Debug|Any CPU
		{8814BA26-7F67-4F39-8CAE-0783F15FC479}.Debug|Any CPU.Build.0 = Debug|Any CPU
		{8814BA26-7F67-4F39-8CAE-0783F15FC479}.Release|Any CPU.ActiveCfg = Release|Any CPU
		{8814BA26-7F67-4F39-8CAE-0783F15FC479}.Release|Any CPU.Build.0 = Release|Any CPU
	EndGlobalSection
	GlobalSection(SolutionProperties) = preSolution
		HideSolutionNode = FALSE
	EndGlobalSection
	GlobalSection(ExtensibilityGlobals) = postSolution
		SolutionGuid = {BF48798C-1D3A-403D-9BDD-1C16952D5D5D}
	EndGlobalSection
EndGlobal
